schema: '2.0'
stages:
  data_cleaning:
    cmd: python src/data/data_cleaning.py --force
    deps:
    - path: data/raw/raw_data.csv
      hash: md5
      md5: 0979d6945498da4527076682b8b2b38b
      size: 21299266
    - path: src/data/data_cleaning.py
      hash: md5
      md5: 7e103c13fb573f554a385f5364be75ee
      size: 8045
    outs:
    - path: data/cleaned/cleaned_data.csv
      hash: md5
      md5: 73ff250d6c39dd89fd7b720e9ce8aea7
      size: 1169701
  preprocessing:
    cmd: python src/features/preprocessing.py
    deps:
    - path: data/cleaned/cleaned_data.csv
      hash: md5
      md5: 73ff250d6c39dd89fd7b720e9ce8aea7
      size: 1169701
    - path: src/features/preprocessing.py
      hash: md5
      md5: b717ca4e79e0163715fc63363fc9fcfe
      size: 3814
    outs:
    - path: data/processed/preprocessed_data.csv
      hash: md5
      md5: 3f09d9499cfab876266bffebb470394f
      size: 928319
